
Microsoft Visual Studio Solution File, Format Version 12.00
# Visual Studio Version 17
VisualStudioVersion = 17.10.35013.160
MinimumVisualStudioVersion = 10.0.40219.1
Project("{FAE04EC0-301F-11D3-BF4B-00C04F79EFBC}") = "lesson-2-htmlSerializer", "lesson-2-htmlSerializer\lesson-2-htmlSerializer.csproj", "{B4DF3185-EE5D-4526-A3BC-BC30BC9AE101}"
EndProject
Global
	GlobalSection(SolutionConfigurationPlatforms) = preSolution
		Debug|Any CPU = Debug|Any CPU
		Release|Any CPU = Release|Any CPU
	EndGlobalSection
	GlobalSection(ProjectConfigurationPlatforms) = postSolution
		{B4DF3185-EE5D-4526-A3BC-BC30BC9AE101}.Debug|Any CPU.ActiveCfg = Debug|Any CPU
		{B4DF3185-EE5D-4526-A3BC-BC30BC9AE101}.Debug|Any CPU.Build.0 = Debug|Any CPU
		{B4DF3185-EE5D-4526-A3BC-BC30BC9AE101}.Release|Any CPU.ActiveCfg = Release|Any CPU
		{B4DF3185-EE5D-4526-A3BC-BC30BC9AE101}.Release|Any CPU.Build.0 = Release|Any CPU
	EndGlobalSection
	GlobalSection(SolutionProperties) = preSolution
		HideSolutionNode = FALSE
	EndGlobalSection
	GlobalSection(ExtensibilityGlobals) = postSolution
		SolutionGuid = {42C3CAB2-43AB-475B-9DD0-C4BA81C5F028}
	EndGlobalSection
EndGlobal
